
Microsoft Visual Studio Solution File, Format Version 12.00
# Visual Studio Version 17
VisualStudioVersion = 17.4.33205.214
MinimumVisualStudioVersion = 10.0.40219.1
Project("{FAE04EC0-301F-11D3-BF4B-00C04F79EFBC}") = "asabegginer5", "asabegginer5\asabegginer5.csproj", "{F05E40FA-6EE9-4D5A-BDEA-2EE2CF21AF48}"
EndProject
Global
	GlobalSection(SolutionConfigurationPlatforms) = preSolution
		Debug|Any CPU = Debug|Any CPU
		Release|Any CPU = Release|Any CPU
	EndGlobalSection
	GlobalSection(ProjectConfigurationPlatforms) = postSolution
		{F05E40FA-6EE9-4D5A-BDEA-2EE2CF21AF48}.Debug|Any CPU.ActiveCfg = Debug|Any CPU
		{F05E40FA-6EE9-4D5A-BDEA-2EE2CF21AF48}.Debug|Any CPU.Build.0 = Debug|Any CPU
		{F05E40FA-6EE9-4D5A-BDEA-2EE2CF21AF48}.Release|Any CPU.ActiveCfg = Release|Any CPU
		{F05E40FA-6EE9-4D5A-BDEA-2EE2CF21AF48}.Release|Any CPU.Build.0 = Release|Any CPU
	EndGlobalSection
	GlobalSection(SolutionProperties) = preSolution
		HideSolutionNode = FALSE
	EndGlobalSection
	GlobalSection(ExtensibilityGlobals) = postSolution
		SolutionGuid = {A1D11846-01BC-46F6-8D3D-AC6DE6A5EB27}
	EndGlobalSection
EndGlobal
